
Microsoft Visual Studio Solution File, Format Version 12.00
# Visual Studio Version 17
VisualStudioVersion = 17.4.33403.182
MinimumVisualStudioVersion = 10.0.40219.1
Project("{9A19103F-16F7-4668-BE54-9A1E7A4F7556}") = "ChatClient", "ChatApp\ChatClient.csproj", "{1747290E-69BC-42D2-8DB4-C1712E283118}"
EndProject
Project("{9A19103F-16F7-4668-BE54-9A1E7A4F7556}") = "ChatServer", "ChatServer\ChatServer.csproj", "{87488DA0-5719-42FE-AE97-021F4913AE2E}"
EndProject
Global
	GlobalSection(SolutionConfigurationPlatforms) = preSolution
		Debug|Any CPU = Debug|Any CPU
		Release|Any CPU = Release|Any CPU
	EndGlobalSection
	GlobalSection(ProjectConfigurationPlatforms) = postSolution
		{1747290E-69BC-42D2-8DB4-C1712E283118}.Debug|Any CPU.ActiveCfg = Debug|Any CPU
		{1747290E-69BC-42D2-8DB4-C1712E283118}.Debug|Any CPU.Build.0 = Debug|Any CPU
		{1747290E-69BC-42D2-8DB4-C1712E283118}.Release|Any CPU.ActiveCfg = Release|Any CPU
		{1747290E-69BC-42D2-8DB4-C1712E283118}.Release|Any CPU.Build.0 = Release|Any CPU
		{87488DA0-5719-42FE-AE97-021F4913AE2E}.Debug|Any CPU.ActiveCfg = Debug|Any CPU
		{87488DA0-5719-42FE-AE97-021F4913AE2E}.Debug|Any CPU.Build.0 = Debug|Any CPU
		{87488DA0-5719-42FE-AE97-021F4913AE2E}.Release|Any CPU.ActiveCfg = Release|Any CPU
		{87488DA0-5719-42FE-AE97-021F4913AE2E}.Release|Any CPU.Build.0 = Release|Any CPU
	EndGlobalSection
	GlobalSection(SolutionProperties) = preSolution
		HideSolutionNode = FALSE
	EndGlobalSection
	GlobalSection(ExtensibilityGlobals) = postSolution
		SolutionGuid = {1421BFA0-DB37-460B-B06D-FE66CD7095DB}
	EndGlobalSection
EndGlobal
